
Microsoft Visual Studio Solution File, Format Version 12.00
Project("{FAE04EC0-301F-11D3-BF4B-00C04F79EFBC}") = "Samples.KeyRotationWithEntityFramework", "Samples.KeyRotationWithEntityFramework\Samples.KeyRotationWithEntityFramework.csproj", "{49D65D94-0698-4FAD-9736-F4FD0E1CC763}"
EndProject
Global
	GlobalSection(SolutionConfigurationPlatforms) = preSolution
		Debug|Any CPU = Debug|Any CPU
		Release|Any CPU = Release|Any CPU
	EndGlobalSection
	GlobalSection(ProjectConfigurationPlatforms) = postSolution
		{49D65D94-0698-4FAD-9736-F4FD0E1CC763}.Debug|Any CPU.ActiveCfg = Debug|Any CPU
		{49D65D94-0698-4FAD-9736-F4FD0E1CC763}.Debug|Any CPU.Build.0 = Debug|Any CPU
		{49D65D94-0698-4FAD-9736-F4FD0E1CC763}.Release|Any CPU.ActiveCfg = Release|Any CPU
		{49D65D94-0698-4FAD-9736-F4FD0E1CC763}.Release|Any CPU.Build.0 = Release|Any CPU
	EndGlobalSection
EndGlobal
